// !$*UTF8*$!
{
	archiveVersion = 1;
	classes = {
	};
	objectVersion = 48;
	objects = {

/* Begin PBXBuildFile section */
		6F03706D2174AD7A00BCE903 /* CheckInViewController.swift in Sources */ = {isa = PBXBuildFile; fileRef = 6F03706C2174AD7A00BCE903 /* CheckInViewController.swift */; };
		6F03706F2174D33600BCE903 /* CheckInHandler.swift in Sources */ = {isa = PBXBuildFile; fileRef = 6F03706E2174D33600BCE903 /* CheckInHandler.swift */; };
		6F0370712174D4AA00BCE903 /* NearbyAccountsRequest.swift in Sources */ = {isa = PBXBuildFile; fileRef = 6F0370702174D4AA00BCE903 /* NearbyAccountsRequest.swift */; };
		6F0A52E92117642E00A6C28D /* GoogleMapsViewController.swift in Sources */ = {isa = PBXBuildFile; fileRef = 6F0A52E82117642E00A6C28D /* GoogleMapsViewController.swift */; };
		6F1447BA217353C800B2E1B3 /* TenantConfigurationRequest.swift in Sources */ = {isa = PBXBuildFile; fileRef = 6F1447B9217353C800B2E1B3 /* TenantConfigurationRequest.swift */; };
		6F1447BC21735AAA00B2E1B3 /* ConfigurationHandler.swift in Sources */ = {isa = PBXBuildFile; fileRef = 6F1447BB21735AAA00B2E1B3 /* ConfigurationHandler.swift */; };
		6F171BD0214FF40F0080C9EB /* AccountDetailViewController.swift in Sources */ = {isa = PBXBuildFile; fileRef = 6F171BCF214FF40F0080C9EB /* AccountDetailViewController.swift */; };
		6F1C895D2163852400CA2DA6 /* CampaignListRequest.swift in Sources */ = {isa = PBXBuildFile; fileRef = 6F1C895C2163852400CA2DA6 /* CampaignListRequest.swift */; };
		6F1E7985206267BF00E8AEDF /* TargetListDataHandler.swift in Sources */ = {isa = PBXBuildFile; fileRef = 6F1E7984206267BF00E8AEDF /* TargetListDataHandler.swift */; };
		6F1E798720626CC700E8AEDF /* TargetListRequest.swift in Sources */ = {isa = PBXBuildFile; fileRef = 6F1E798620626CC700E8AEDF /* TargetListRequest.swift */; };
		6F1E79892062724900E8AEDF /* RequestProtocol.swift in Sources */ = {isa = PBXBuildFile; fileRef = 6F1E79882062724900E8AEDF /* RequestProtocol.swift */; };
		6F1E798B20627EEA00E8AEDF /* LocationController.swift in Sources */ = {isa = PBXBuildFile; fileRef = 6F1E798A20627EEA00E8AEDF /* LocationController.swift */; };
		6F1F29FB2164FDC700CAFAC7 /* PasswordChangeViewController.swift in Sources */ = {isa = PBXBuildFile; fileRef = 6F1F29FA2164FDC700CAFAC7 /* PasswordChangeViewController.swift */; };
		6F33BC771FFA996C00BC4789 /* UserProfileViewController.swift in Sources */ = {isa = PBXBuildFile; fileRef = 6F33BC761FFA996C00BC4789 /* UserProfileViewController.swift */; };
		6F35E3C9201656CE005BCB88 /* AccountAnnotation.swift in Sources */ = {isa = PBXBuildFile; fileRef = 6F35E3C8201656CE005BCB88 /* AccountAnnotation.swift */; };
		6F35E3CB2017445F005BCB88 /* ServerVersionRequest.swift in Sources */ = {isa = PBXBuildFile; fileRef = 6F35E3CA2017445F005BCB88 /* ServerVersionRequest.swift */; };
		6F35E3CD201799F5005BCB88 /* LoginRequest.swift in Sources */ = {isa = PBXBuildFile; fileRef = 6F35E3CC201799F5005BCB88 /* LoginRequest.swift */; };
		6F35E3CF2017A1DE005BCB88 /* NetworkConstants.swift in Sources */ = {isa = PBXBuildFile; fileRef = 6F35E3CE2017A1DE005BCB88 /* NetworkConstants.swift */; };
		6F383BEE21BC163B00BBAEF3 /* AccountListRequest.swift in Sources */ = {isa = PBXBuildFile; fileRef = 6F383BED21BC163B00BBAEF3 /* AccountListRequest.swift */; };
		6F383BF021BC17FA00BBAEF3 /* AccountListPresenter.swift in Sources */ = {isa = PBXBuildFile; fileRef = 6F383BEF21BC17FA00BBAEF3 /* AccountListPresenter.swift */; };
		6F383BF321BC197900BBAEF3 /* AccountListDataHandler.swift in Sources */ = {isa = PBXBuildFile; fileRef = 6F383BF221BC197900BBAEF3 /* AccountListDataHandler.swift */; };
		6F43659621D2B472000A2632 /* AccountActivitySegmentController.swift in Sources */ = {isa = PBXBuildFile; fileRef = 6F43659521D2B472000A2632 /* AccountActivitySegmentController.swift */; };
		6F43659821D2B6AB000A2632 /* ActivityListPresenter.swift in Sources */ = {isa = PBXBuildFile; fileRef = 6F43659721D2B6AB000A2632 /* ActivityListPresenter.swift */; };
		6F43659A21D2BF87000A2632 /* AccountActivityRequest.swift in Sources */ = {isa = PBXBuildFile; fileRef = 6F43659921D2BF87000A2632 /* AccountActivityRequest.swift */; };
		6F449007212D72B0002C80ED /* RouteRequest.swift in Sources */ = {isa = PBXBuildFile; fileRef = 6F449006212D72AF002C80ED /* RouteRequest.swift */; };
		6F44BECD1FF6616B00591E2B /* QuestDetailViewController.swift in Sources */ = {isa = PBXBuildFile; fileRef = 6F44BECC1FF6616B00591E2B /* QuestDetailViewController.swift */; };
		6F4DC55A212731C90091D1E7 /* MapDataHandler.swift in Sources */ = {isa = PBXBuildFile; fileRef = 6F4DC559212731C90091D1E7 /* MapDataHandler.swift */; };
		6F4DC55C212733790091D1E7 /* AccountMapRequest.swift in Sources */ = {isa = PBXBuildFile; fileRef = 6F4DC55B212733790091D1E7 /* AccountMapRequest.swift */; };
		6F54CB022164C2FE00A1A3A9 /* PasswordChangeRequest.swift in Sources */ = {isa = PBXBuildFile; fileRef = 6F54CB012164C2FE00A1A3A9 /* PasswordChangeRequest.swift */; };
		6F5DA90C21BC0E280050F635 /* CampaignInfoViewController.swift in Sources */ = {isa = PBXBuildFile; fileRef = 6F5DA90B21BC0E280050F635 /* CampaignInfoViewController.swift */; };
		6F628E6B2059A77F002E267A /* ActivityRegisterViewController.swift in Sources */ = {isa = PBXBuildFile; fileRef = 6F628E6A2059A77F002E267A /* ActivityRegisterViewController.swift */; };
		6F628E6D2059A84B002E267A /* ActivityCell.swift in Sources */ = {isa = PBXBuildFile; fileRef = 6F628E6C2059A84B002E267A /* ActivityCell.swift */; };
		6F79BF25212F01200075B639 /* QuestTargetsSegmentController.swift in Sources */ = {isa = PBXBuildFile; fileRef = 6F79BF24212F01200075B639 /* QuestTargetsSegmentController.swift */; };
		6F79BF27212F01820075B639 /* QuestTargetListDataHandler.swift in Sources */ = {isa = PBXBuildFile; fileRef = 6F79BF26212F01820075B639 /* QuestTargetListDataHandler.swift */; };
		6F8F31BB201A4AB100216070 /* LaunchController.swift in Sources */ = {isa = PBXBuildFile; fileRef = 6F8F31BA201A4AB100216070 /* LaunchController.swift */; };
		6F8F31BF201A7B2700216070 /* ProfileRequest.swift in Sources */ = {isa = PBXBuildFile; fileRef = 6F8F31BE201A7B2700216070 /* ProfileRequest.swift */; };
		6FB1C8C5212ADE2900648687 /* LoginHandler.swift in Sources */ = {isa = PBXBuildFile; fileRef = 6FB1C8C4212ADE2900648687 /* LoginHandler.swift */; };
		6FB6046521623DB700BA9BDB /* GoogleMapsDarkStyle.json in Resources */ = {isa = PBXBuildFile; fileRef = 6FB6046421623DB700BA9BDB /* GoogleMapsDarkStyle.json */; };
		6FB6046721626FD900BA9BDB /* AccountCampaignsDataHandler.swift in Sources */ = {isa = PBXBuildFile; fileRef = 6FB6046621626FD900BA9BDB /* AccountCampaignsDataHandler.swift */; };
		6FB604692162729A00BA9BDB /* SimpleQuestCell.swift in Sources */ = {isa = PBXBuildFile; fileRef = 6FB604682162729A00BA9BDB /* SimpleQuestCell.swift */; };
		6FB6046B216277EA00BA9BDB /* AccountCampaignsSegmentController.swift in Sources */ = {isa = PBXBuildFile; fileRef = 6FB6046A216277EA00BA9BDB /* AccountCampaignsSegmentController.swift */; };
		6FB6046D21627A9C00BA9BDB /* AccountCampaignsRequest.swift in Sources */ = {isa = PBXBuildFile; fileRef = 6FB6046C21627A9C00BA9BDB /* AccountCampaignsRequest.swift */; };
		6FB79FC020272676003F5BC4 /* AccountListViewController.swift in Sources */ = {isa = PBXBuildFile; fileRef = 6FB79FBF20272676003F5BC4 /* AccountListViewController.swift */; };
		6FB79FC2202729DB003F5BC4 /* AccountCell.swift in Sources */ = {isa = PBXBuildFile; fileRef = 6FB79FC1202729DB003F5BC4 /* AccountCell.swift */; };
		6FBBF4AB1FFAC8FA00CAFBE9 /* KDCircularProgress.swift in Sources */ = {isa = PBXBuildFile; fileRef = 6FBBF4AA1FFAC8FA00CAFBE9 /* KDCircularProgress.swift */; };
		6FCE26E8205A93F900701BE3 /* ActivityDataHandler.swift in Sources */ = {isa = PBXBuildFile; fileRef = 6FCE26E7205A93F900701BE3 /* ActivityDataHandler.swift */; };
		6FCE26EA205A94AA00701BE3 /* VisitStruct.swift in Sources */ = {isa = PBXBuildFile; fileRef = 6FCE26E9205A94AA00701BE3 /* VisitStruct.swift */; };
		6FCE26EC205A9D4100701BE3 /* UserActivityRequest.swift in Sources */ = {isa = PBXBuildFile; fileRef = 6FCE26EB205A9D4100701BE3 /* UserActivityRequest.swift */; };
		6FCE26EF205ACB4000701BE3 /* DateUtils.swift in Sources */ = {isa = PBXBuildFile; fileRef = 6FCE26EE205ACB4000701BE3 /* DateUtils.swift */; };
		6FCFDD262177782500974AA5 /* CheckInRequest.swift in Sources */ = {isa = PBXBuildFile; fileRef = 6FCFDD252177782500974AA5 /* CheckInRequest.swift */; };
		6FDCFDAB201F9741009BF9E2 /* JSONStructs.swift in Sources */ = {isa = PBXBuildFile; fileRef = 6FDCFDAA201F9741009BF9E2 /* JSONStructs.swift */; };
		6FE15D4921AEB5AC007002C1 /* AuthenticationController.swift in Sources */ = {isa = PBXBuildFile; fileRef = 6FE15D4821AEB5AC007002C1 /* AuthenticationController.swift */; };
		6FE55E961FF500E900945171 /* QuestListViewController.swift in Sources */ = {isa = PBXBuildFile; fileRef = 6FE55E951FF500E900945171 /* QuestListViewController.swift */; };
		6FE55E981FF50E4E00945171 /* ParticipationCell.swift in Sources */ = {isa = PBXBuildFile; fileRef = 6FE55E971FF50E4E00945171 /* ParticipationCell.swift */; };
		6FF1C9D31FF4273E00837460 /* AppDelegate.swift in Sources */ = {isa = PBXBuildFile; fileRef = 6FF1C9D21FF4273E00837460 /* AppDelegate.swift */; };
		6FF1C9D51FF4273E00837460 /* LoginViewController.swift in Sources */ = {isa = PBXBuildFile; fileRef = 6FF1C9D41FF4273E00837460 /* LoginViewController.swift */; };
		6FF1C9D81FF4273E00837460 /* Main.storyboard in Resources */ = {isa = PBXBuildFile; fileRef = 6FF1C9D61FF4273E00837460 /* Main.storyboard */; };
		6FF1C9DA1FF4273E00837460 /* Assets.xcassets in Resources */ = {isa = PBXBuildFile; fileRef = 6FF1C9D91FF4273E00837460 /* Assets.xcassets */; };
		6FF1C9DD1FF4273E00837460 /* LaunchScreen.storyboard in Resources */ = {isa = PBXBuildFile; fileRef = 6FF1C9DB1FF4273E00837460 /* LaunchScreen.storyboard */; };
		6FF7CF0F20067EF5009E6062 /* MapKit.framework in Frameworks */ = {isa = PBXBuildFile; fileRef = 6FF7CF0E20067EF5009E6062 /* MapKit.framework */; };
		6FFC685E2136C4F900F2CA6A /* QuestTargetCell.swift in Sources */ = {isa = PBXBuildFile; fileRef = 6FFC685D2136C4F900F2CA6A /* QuestTargetCell.swift */; };
		6FFC68602136F6D400F2CA6A /* CampaignTargetsRequest.swift in Sources */ = {isa = PBXBuildFile; fileRef = 6FFC685F2136F6D400F2CA6A /* CampaignTargetsRequest.swift */; };
		F1F54A3A6D487B437975C27E /* libPods-Atactic.a in Frameworks */ = {isa = PBXBuildFile; fileRef = 4F8564AE593984A6F6441D15 /* libPods-Atactic.a */; };
/* End PBXBuildFile section */

/* Begin PBXFileReference section */
		0BCFB0A649007E41F12FDEF7 /* Pods-Atactic.debug.xcconfig */ = {isa = PBXFileReference; includeInIndex = 1; lastKnownFileType = text.xcconfig; name = "Pods-Atactic.debug.xcconfig"; path = "Pods/Target Support Files/Pods-Atactic/Pods-Atactic.debug.xcconfig"; sourceTree = "<group>"; };
		28089A41DE0117A75E9B80CB /* Pods-Atactic.release.xcconfig */ = {isa = PBXFileReference; includeInIndex = 1; lastKnownFileType = text.xcconfig; name = "Pods-Atactic.release.xcconfig"; path = "Pods/Target Support Files/Pods-Atactic/Pods-Atactic.release.xcconfig"; sourceTree = "<group>"; };
		4F8564AE593984A6F6441D15 /* libPods-Atactic.a */ = {isa = PBXFileReference; explicitFileType = archive.ar; includeInIndex = 0; path = "libPods-Atactic.a"; sourceTree = BUILT_PRODUCTS_DIR; };
		6F03706C2174AD7A00BCE903 /* CheckInViewController.swift */ = {isa = PBXFileReference; lastKnownFileType = sourcecode.swift; path = CheckInViewController.swift; sourceTree = "<group>"; };
		6F03706E2174D33600BCE903 /* CheckInHandler.swift */ = {isa = PBXFileReference; lastKnownFileType = sourcecode.swift; path = CheckInHandler.swift; sourceTree = "<group>"; };
		6F0370702174D4AA00BCE903 /* NearbyAccountsRequest.swift */ = {isa = PBXFileReference; lastKnownFileType = sourcecode.swift; path = NearbyAccountsRequest.swift; sourceTree = "<group>"; };
		6F0A52E82117642E00A6C28D /* GoogleMapsViewController.swift */ = {isa = PBXFileReference; lastKnownFileType = sourcecode.swift; path = GoogleMapsViewController.swift; sourceTree = "<group>"; };
		6F1447B9217353C800B2E1B3 /* TenantConfigurationRequest.swift */ = {isa = PBXFileReference; lastKnownFileType = sourcecode.swift; path = TenantConfigurationRequest.swift; sourceTree = "<group>"; };
		6F1447BB21735AAA00B2E1B3 /* ConfigurationHandler.swift */ = {isa = PBXFileReference; lastKnownFileType = sourcecode.swift; path = ConfigurationHandler.swift; sourceTree = "<group>"; };
		6F171BCF214FF40F0080C9EB /* AccountDetailViewController.swift */ = {isa = PBXFileReference; lastKnownFileType = sourcecode.swift; path = AccountDetailViewController.swift; sourceTree = "<group>"; };
		6F1C895C2163852400CA2DA6 /* CampaignListRequest.swift */ = {isa = PBXFileReference; fileEncoding = 4; lastKnownFileType = sourcecode.swift; path = CampaignListRequest.swift; sourceTree = "<group>"; };
		6F1E7984206267BF00E8AEDF /* TargetListDataHandler.swift */ = {isa = PBXFileReference; lastKnownFileType = sourcecode.swift; path = TargetListDataHandler.swift; sourceTree = "<group>"; };
		6F1E798620626CC700E8AEDF /* TargetListRequest.swift */ = {isa = PBXFileReference; lastKnownFileType = sourcecode.swift; path = TargetListRequest.swift; sourceTree = "<group>"; };
		6F1E79882062724900E8AEDF /* RequestProtocol.swift */ = {isa = PBXFileReference; lastKnownFileType = sourcecode.swift; path = RequestProtocol.swift; sourceTree = "<group>"; };
		6F1E798A20627EEA00E8AEDF /* LocationController.swift */ = {isa = PBXFileReference; lastKnownFileType = sourcecode.swift; path = LocationController.swift; sourceTree = "<group>"; };
		6F1F29FA2164FDC700CAFAC7 /* PasswordChangeViewController.swift */ = {isa = PBXFileReference; lastKnownFileType = sourcecode.swift; path = PasswordChangeViewController.swift; sourceTree = "<group>"; };
		6F33BC761FFA996C00BC4789 /* UserProfileViewController.swift */ = {isa = PBXFileReference; lastKnownFileType = sourcecode.swift; path = UserProfileViewController.swift; sourceTree = "<group>"; };
		6F35E3C8201656CE005BCB88 /* AccountAnnotation.swift */ = {isa = PBXFileReference; lastKnownFileType = sourcecode.swift; path = AccountAnnotation.swift; sourceTree = "<group>"; };
		6F35E3CA2017445F005BCB88 /* ServerVersionRequest.swift */ = {isa = PBXFileReference; lastKnownFileType = sourcecode.swift; path = ServerVersionRequest.swift; sourceTree = "<group>"; };
		6F35E3CC201799F5005BCB88 /* LoginRequest.swift */ = {isa = PBXFileReference; lastKnownFileType = sourcecode.swift; path = LoginRequest.swift; sourceTree = "<group>"; };
		6F35E3CE2017A1DE005BCB88 /* NetworkConstants.swift */ = {isa = PBXFileReference; lastKnownFileType = sourcecode.swift; path = NetworkConstants.swift; sourceTree = "<group>"; };
		6F383BED21BC163B00BBAEF3 /* AccountListRequest.swift */ = {isa = PBXFileReference; lastKnownFileType = sourcecode.swift; path = AccountListRequest.swift; sourceTree = "<group>"; };
		6F383BEF21BC17FA00BBAEF3 /* AccountListPresenter.swift */ = {isa = PBXFileReference; lastKnownFileType = sourcecode.swift; path = AccountListPresenter.swift; sourceTree = "<group>"; };
		6F383BF221BC197900BBAEF3 /* AccountListDataHandler.swift */ = {isa = PBXFileReference; lastKnownFileType = sourcecode.swift; path = AccountListDataHandler.swift; sourceTree = "<group>"; };
		6F43659521D2B472000A2632 /* AccountActivitySegmentController.swift */ = {isa = PBXFileReference; lastKnownFileType = sourcecode.swift; path = AccountActivitySegmentController.swift; sourceTree = "<group>"; };
		6F43659721D2B6AB000A2632 /* ActivityListPresenter.swift */ = {isa = PBXFileReference; lastKnownFileType = sourcecode.swift; path = ActivityListPresenter.swift; sourceTree = "<group>"; };
		6F43659921D2BF87000A2632 /* AccountActivityRequest.swift */ = {isa = PBXFileReference; lastKnownFileType = sourcecode.swift; path = AccountActivityRequest.swift; sourceTree = "<group>"; };
		6F449006212D72AF002C80ED /* RouteRequest.swift */ = {isa = PBXFileReference; lastKnownFileType = sourcecode.swift; path = RouteRequest.swift; sourceTree = "<group>"; };
		6F44BECC1FF6616B00591E2B /* QuestDetailViewController.swift */ = {isa = PBXFileReference; lastKnownFileType = sourcecode.swift; path = QuestDetailViewController.swift; sourceTree = "<group>"; };
		6F4DC559212731C90091D1E7 /* MapDataHandler.swift */ = {isa = PBXFileReference; lastKnownFileType = sourcecode.swift; path = MapDataHandler.swift; sourceTree = "<group>"; };
		6F4DC55B212733790091D1E7 /* AccountMapRequest.swift */ = {isa = PBXFileReference; lastKnownFileType = sourcecode.swift; path = AccountMapRequest.swift; sourceTree = "<group>"; };
		6F54CB012164C2FE00A1A3A9 /* PasswordChangeRequest.swift */ = {isa = PBXFileReference; lastKnownFileType = sourcecode.swift; path = PasswordChangeRequest.swift; sourceTree = "<group>"; };
		6F5DA90B21BC0E280050F635 /* CampaignInfoViewController.swift */ = {isa = PBXFileReference; fileEncoding = 4; lastKnownFileType = sourcecode.swift; path = CampaignInfoViewController.swift; sourceTree = "<group>"; };
		6F628E6A2059A77F002E267A /* ActivityRegisterViewController.swift */ = {isa = PBXFileReference; lastKnownFileType = sourcecode.swift; path = ActivityRegisterViewController.swift; sourceTree = "<group>"; };
		6F628E6C2059A84B002E267A /* ActivityCell.swift */ = {isa = PBXFileReference; lastKnownFileType = sourcecode.swift; path = ActivityCell.swift; sourceTree = "<group>"; };
		6F79BF24212F01200075B639 /* QuestTargetsSegmentController.swift */ = {isa = PBXFileReference; lastKnownFileType = sourcecode.swift; path = QuestTargetsSegmentController.swift; sourceTree = "<group>"; };
		6F79BF26212F01820075B639 /* QuestTargetListDataHandler.swift */ = {isa = PBXFileReference; lastKnownFileType = sourcecode.swift; path = QuestTargetListDataHandler.swift; sourceTree = "<group>"; };
		6F8F31BA201A4AB100216070 /* LaunchController.swift */ = {isa = PBXFileReference; lastKnownFileType = sourcecode.swift; path = LaunchController.swift; sourceTree = "<group>"; };
		6F8F31BE201A7B2700216070 /* ProfileRequest.swift */ = {isa = PBXFileReference; lastKnownFileType = sourcecode.swift; path = ProfileRequest.swift; sourceTree = "<group>"; };
		6FB1C8C4212ADE2900648687 /* LoginHandler.swift */ = {isa = PBXFileReference; lastKnownFileType = sourcecode.swift; path = LoginHandler.swift; sourceTree = "<group>"; };
		6FB6046421623DB700BA9BDB /* GoogleMapsDarkStyle.json */ = {isa = PBXFileReference; lastKnownFileType = text.json; path = GoogleMapsDarkStyle.json; sourceTree = "<group>"; };
		6FB6046621626FD900BA9BDB /* AccountCampaignsDataHandler.swift */ = {isa = PBXFileReference; lastKnownFileType = sourcecode.swift; path = AccountCampaignsDataHandler.swift; sourceTree = "<group>"; };
		6FB604682162729A00BA9BDB /* SimpleQuestCell.swift */ = {isa = PBXFileReference; lastKnownFileType = sourcecode.swift; path = SimpleQuestCell.swift; sourceTree = "<group>"; };
		6FB6046A216277EA00BA9BDB /* AccountCampaignsSegmentController.swift */ = {isa = PBXFileReference; lastKnownFileType = sourcecode.swift; path = AccountCampaignsSegmentController.swift; sourceTree = "<group>"; };
		6FB6046C21627A9C00BA9BDB /* AccountCampaignsRequest.swift */ = {isa = PBXFileReference; lastKnownFileType = sourcecode.swift; path = AccountCampaignsRequest.swift; sourceTree = "<group>"; };
		6FB79FBF20272676003F5BC4 /* AccountListViewController.swift */ = {isa = PBXFileReference; lastKnownFileType = sourcecode.swift; path = AccountListViewController.swift; sourceTree = "<group>"; };
		6FB79FC1202729DB003F5BC4 /* AccountCell.swift */ = {isa = PBXFileReference; lastKnownFileType = sourcecode.swift; path = AccountCell.swift; sourceTree = "<group>"; };
		6FBBF4AA1FFAC8FA00CAFBE9 /* KDCircularProgress.swift */ = {isa = PBXFileReference; fileEncoding = 4; lastKnownFileType = sourcecode.swift; path = KDCircularProgress.swift; sourceTree = "<group>"; };
		6FCE26E7205A93F900701BE3 /* ActivityDataHandler.swift */ = {isa = PBXFileReference; lastKnownFileType = sourcecode.swift; path = ActivityDataHandler.swift; sourceTree = "<group>"; };
		6FCE26E9205A94AA00701BE3 /* VisitStruct.swift */ = {isa = PBXFileReference; lastKnownFileType = sourcecode.swift; path = VisitStruct.swift; sourceTree = "<group>"; };
		6FCE26EB205A9D4100701BE3 /* UserActivityRequest.swift */ = {isa = PBXFileReference; lastKnownFileType = sourcecode.swift; path = UserActivityRequest.swift; sourceTree = "<group>"; };
		6FCE26EE205ACB4000701BE3 /* DateUtils.swift */ = {isa = PBXFileReference; lastKnownFileType = sourcecode.swift; path = DateUtils.swift; sourceTree = "<group>"; };
		6FCFDD252177782500974AA5 /* CheckInRequest.swift */ = {isa = PBXFileReference; lastKnownFileType = sourcecode.swift; path = CheckInRequest.swift; sourceTree = "<group>"; };
		6FDCFDAA201F9741009BF9E2 /* JSONStructs.swift */ = {isa = PBXFileReference; lastKnownFileType = sourcecode.swift; path = JSONStructs.swift; sourceTree = "<group>"; };
		6FE15D4821AEB5AC007002C1 /* AuthenticationController.swift */ = {isa = PBXFileReference; lastKnownFileType = sourcecode.swift; path = AuthenticationController.swift; sourceTree = "<group>"; };
		6FE55E951FF500E900945171 /* QuestListViewController.swift */ = {isa = PBXFileReference; lastKnownFileType = sourcecode.swift; path = QuestListViewController.swift; sourceTree = "<group>"; };
		6FE55E971FF50E4E00945171 /* ParticipationCell.swift */ = {isa = PBXFileReference; lastKnownFileType = sourcecode.swift; path = ParticipationCell.swift; sourceTree = "<group>"; };
		6FF1C9CF1FF4273E00837460 /* Atactic.app */ = {isa = PBXFileReference; explicitFileType = wrapper.application; includeInIndex = 0; path = Atactic.app; sourceTree = BUILT_PRODUCTS_DIR; };
		6FF1C9D21FF4273E00837460 /* AppDelegate.swift */ = {isa = PBXFileReference; lastKnownFileType = sourcecode.swift; path = AppDelegate.swift; sourceTree = "<group>"; };
		6FF1C9D41FF4273E00837460 /* LoginViewController.swift */ = {isa = PBXFileReference; lastKnownFileType = sourcecode.swift; path = LoginViewController.swift; sourceTree = "<group>"; };
		6FF1C9D71FF4273E00837460 /* Base */ = {isa = PBXFileReference; lastKnownFileType = file.storyboard; name = Base; path = Base.lproj/Main.storyboard; sourceTree = "<group>"; };
		6FF1C9D91FF4273E00837460 /* Assets.xcassets */ = {isa = PBXFileReference; lastKnownFileType = folder.assetcatalog; path = Assets.xcassets; sourceTree = "<group>"; };
		6FF1C9DC1FF4273E00837460 /* Base */ = {isa = PBXFileReference; lastKnownFileType = file.storyboard; name = Base; path = Base.lproj/LaunchScreen.storyboard; sourceTree = "<group>"; };
		6FF1C9DE1FF4273E00837460 /* Info.plist */ = {isa = PBXFileReference; lastKnownFileType = text.plist.xml; path = Info.plist; sourceTree = "<group>"; };
		6FF7CF0E20067EF5009E6062 /* MapKit.framework */ = {isa = PBXFileReference; lastKnownFileType = wrapper.framework; name = MapKit.framework; path = System/Library/Frameworks/MapKit.framework; sourceTree = SDKROOT; };
		6FF7CF122006957D009E6062 /* SampleLocation.gpx */ = {isa = PBXFileReference; lastKnownFileType = text.xml; path = SampleLocation.gpx; sourceTree = "<group>"; };
		6FFC685D2136C4F900F2CA6A /* QuestTargetCell.swift */ = {isa = PBXFileReference; lastKnownFileType = sourcecode.swift; path = QuestTargetCell.swift; sourceTree = "<group>"; };
		6FFC685F2136F6D400F2CA6A /* CampaignTargetsRequest.swift */ = {isa = PBXFileReference; lastKnownFileType = sourcecode.swift; path = CampaignTargetsRequest.swift; sourceTree = "<group>"; };
/* End PBXFileReference section */

/* Begin PBXFrameworksBuildPhase section */
		6FF1C9CC1FF4273E00837460 /* Frameworks */ = {
			isa = PBXFrameworksBuildPhase;
			buildActionMask = 2147483647;
			files = (
				6FF7CF0F20067EF5009E6062 /* MapKit.framework in Frameworks */,
				F1F54A3A6D487B437975C27E /* libPods-Atactic.a in Frameworks */,
			);
			runOnlyForDeploymentPostprocessing = 0;
		};
/* End PBXFrameworksBuildPhase section */

/* Begin PBXGroup section */
		6F16C3E620057A6F00D9BB09 /* View Controller */ = {
			isa = PBXGroup;
			children = (
				6F383BF121BC181400BBAEF3 /* Protocols */,
				6F8F31BA201A4AB100216070 /* LaunchController.swift */,
				6FF1C9D41FF4273E00837460 /* LoginViewController.swift */,
				6FE55E951FF500E900945171 /* QuestListViewController.swift */,
				6F44BECC1FF6616B00591E2B /* QuestDetailViewController.swift */,
				6F5DA90B21BC0E280050F635 /* CampaignInfoViewController.swift */,
				6F79BF24212F01200075B639 /* QuestTargetsSegmentController.swift */,
				6FB79FBF20272676003F5BC4 /* AccountListViewController.swift */,
				6F171BCF214FF40F0080C9EB /* AccountDetailViewController.swift */,
				6FB6046A216277EA00BA9BDB /* AccountCampaignsSegmentController.swift */,
				6F43659521D2B472000A2632 /* AccountActivitySegmentController.swift */,
				6F0A52E82117642E00A6C28D /* GoogleMapsViewController.swift */,
				6F33BC761FFA996C00BC4789 /* UserProfileViewController.swift */,
				6F628E6A2059A77F002E267A /* ActivityRegisterViewController.swift */,
				6F1F29FA2164FDC700CAFAC7 /* PasswordChangeViewController.swift */,
				6F03706C2174AD7A00BCE903 /* CheckInViewController.swift */,
			);
			path = "View Controller";
			sourceTree = "<group>";
		};
		6F16C3E720057A9000D9BB09 /* Model */ = {
			isa = PBXGroup;
			children = (
				6F35E3C8201656CE005BCB88 /* AccountAnnotation.swift */,
				6FDCFDAA201F9741009BF9E2 /* JSONStructs.swift */,
				6FCE26E9205A94AA00701BE3 /* VisitStruct.swift */,
			);
			path = Model;
			sourceTree = "<group>";
		};
		6F16C3E820057AC600D9BB09 /* Network */ = {
			isa = PBXGroup;
			children = (
				6F35E3CE2017A1DE005BCB88 /* NetworkConstants.swift */,
				6F1E79882062724900E8AEDF /* RequestProtocol.swift */,
				6F35E3CC201799F5005BCB88 /* LoginRequest.swift */,
				6F35E3CA2017445F005BCB88 /* ServerVersionRequest.swift */,
				6F1447B9217353C800B2E1B3 /* TenantConfigurationRequest.swift */,
				6F1C895C2163852400CA2DA6 /* CampaignListRequest.swift */,
				6FFC685F2136F6D400F2CA6A /* CampaignTargetsRequest.swift */,
				6F1E798620626CC700E8AEDF /* TargetListRequest.swift */,
				6F383BED21BC163B00BBAEF3 /* AccountListRequest.swift */,
				6FB6046C21627A9C00BA9BDB /* AccountCampaignsRequest.swift */,
				6F43659921D2BF87000A2632 /* AccountActivityRequest.swift */,
				6F4DC55B212733790091D1E7 /* AccountMapRequest.swift */,
				6F449006212D72AF002C80ED /* RouteRequest.swift */,
				6F0370702174D4AA00BCE903 /* NearbyAccountsRequest.swift */,
				6FCFDD252177782500974AA5 /* CheckInRequest.swift */,
				6F8F31BE201A7B2700216070 /* ProfileRequest.swift */,
				6FCE26EB205A9D4100701BE3 /* UserActivityRequest.swift */,
				6F54CB012164C2FE00A1A3A9 /* PasswordChangeRequest.swift */,
			);
			path = Network;
			sourceTree = "<group>";
		};
		6F16C3E920057ACE00D9BB09 /* View Elements */ = {
			isa = PBXGroup;
			children = (
				6FBBF4AA1FFAC8FA00CAFBE9 /* KDCircularProgress.swift */,
				6FE55E971FF50E4E00945171 /* ParticipationCell.swift */,
				6FB604682162729A00BA9BDB /* SimpleQuestCell.swift */,
				6FB79FC1202729DB003F5BC4 /* AccountCell.swift */,
				6FFC685D2136C4F900F2CA6A /* QuestTargetCell.swift */,
				6F628E6C2059A84B002E267A /* ActivityCell.swift */,
			);
			path = "View Elements";
			sourceTree = "<group>";
		};
		6F383BF121BC181400BBAEF3 /* Protocols */ = {
			isa = PBXGroup;
			children = (
				6FE15D4821AEB5AC007002C1 /* AuthenticationController.swift */,
				6F383BEF21BC17FA00BBAEF3 /* AccountListPresenter.swift */,
				6F43659721D2B6AB000A2632 /* ActivityListPresenter.swift */,
			);
			path = Protocols;
			sourceTree = "<group>";
		};
		6FCE26E6205A93D100701BE3 /* Handler */ = {
			isa = PBXGroup;
			children = (
				6FB1C8C4212ADE2900648687 /* LoginHandler.swift */,
				6F1E798A20627EEA00E8AEDF /* LocationController.swift */,
				6F1447BB21735AAA00B2E1B3 /* ConfigurationHandler.swift */,
				6F03706E2174D33600BCE903 /* CheckInHandler.swift */,
				6F383BF221BC197900BBAEF3 /* AccountListDataHandler.swift */,
				6F1E7984206267BF00E8AEDF /* TargetListDataHandler.swift */,
				6F79BF26212F01820075B639 /* QuestTargetListDataHandler.swift */,
				6FB6046621626FD900BA9BDB /* AccountCampaignsDataHandler.swift */,
				6F4DC559212731C90091D1E7 /* MapDataHandler.swift */,
				6FCE26E7205A93F900701BE3 /* ActivityDataHandler.swift */,
			);
			path = Handler;
			sourceTree = "<group>";
		};
		6FCE26ED205ACB3100701BE3 /* Utils */ = {
			isa = PBXGroup;
			children = (
				6FCE26EE205ACB4000701BE3 /* DateUtils.swift */,
			);
			path = Utils;
			sourceTree = "<group>";
		};
		6FF1C9C61FF4273E00837460 = {
			isa = PBXGroup;
			children = (
				6FF1C9D11FF4273E00837460 /* Atactic */,
				6FF1C9D01FF4273E00837460 /* Products */,
				6FF7CF0D20067EF5009E6062 /* Frameworks */,
				ABD967CA85B3CC2B6D0D0A57 /* Pods */,
			);
			sourceTree = "<group>";
		};
		6FF1C9D01FF4273E00837460 /* Products */ = {
			isa = PBXGroup;
			children = (
				6FF1C9CF1FF4273E00837460 /* Atactic.app */,
			);
			name = Products;
			sourceTree = "<group>";
		};
		6FF1C9D11FF4273E00837460 /* Atactic */ = {
			isa = PBXGroup;
			children = (
				6F16C3E820057AC600D9BB09 /* Network */,
				6FCE26E6205A93D100701BE3 /* Handler */,
				6F16C3E720057A9000D9BB09 /* Model */,
				6F16C3E620057A6F00D9BB09 /* View Controller */,
				6F16C3E920057ACE00D9BB09 /* View Elements */,
				6FCE26ED205ACB3100701BE3 /* Utils */,
				6FF1C9D91FF4273E00837460 /* Assets.xcassets */,
				6FF1C9D61FF4273E00837460 /* Main.storyboard */,
				6FF1C9DB1FF4273E00837460 /* LaunchScreen.storyboard */,
				6FF1C9D21FF4273E00837460 /* AppDelegate.swift */,
				6FF7CF122006957D009E6062 /* SampleLocation.gpx */,
				6FF1C9DE1FF4273E00837460 /* Info.plist */,
				6FB6046421623DB700BA9BDB /* GoogleMapsDarkStyle.json */,
			);
			path = Atactic;
			sourceTree = "<group>";
		};
		6FF7CF0D20067EF5009E6062 /* Frameworks */ = {
			isa = PBXGroup;
			children = (
				6FF7CF0E20067EF5009E6062 /* MapKit.framework */,
				4F8564AE593984A6F6441D15 /* libPods-Atactic.a */,
			);
			name = Frameworks;
			sourceTree = "<group>";
		};
		ABD967CA85B3CC2B6D0D0A57 /* Pods */ = {
			isa = PBXGroup;
			children = (
				0BCFB0A649007E41F12FDEF7 /* Pods-Atactic.debug.xcconfig */,
				28089A41DE0117A75E9B80CB /* Pods-Atactic.release.xcconfig */,
			);
			name = Pods;
			sourceTree = "<group>";
		};
/* End PBXGroup section */

/* Begin PBXNativeTarget section */
		6FF1C9CE1FF4273E00837460 /* Atactic */ = {
			isa = PBXNativeTarget;
			buildConfigurationList = 6FF1C9E11FF4273E00837460 /* Build configuration list for PBXNativeTarget "Atactic" */;
			buildPhases = (
				253ACD82D1C48D3EA423F8FA /* [CP] Check Pods Manifest.lock */,
				6FF1C9CB1FF4273E00837460 /* Sources */,
				6FF1C9CC1FF4273E00837460 /* Frameworks */,
				6FF1C9CD1FF4273E00837460 /* Resources */,
				9C796771CC200584FBB3D4D3 /* [CP] Copy Pods Resources */,
			);
			buildRules = (
			);
			dependencies = (
			);
			name = Atactic;
			productName = Atactic;
			productReference = 6FF1C9CF1FF4273E00837460 /* Atactic.app */;
			productType = "com.apple.product-type.application";
		};
/* End PBXNativeTarget section */

/* Begin PBXProject section */
		6FF1C9C71FF4273E00837460 /* Project object */ = {
			isa = PBXProject;
			attributes = {
				LastSwiftUpdateCheck = 0920;
				LastUpgradeCheck = 0930;
				ORGANIZATIONNAME = ATACTIC;
				TargetAttributes = {
					6FF1C9CE1FF4273E00837460 = {
						CreatedOnToolsVersion = 9.2;
						LastSwiftMigration = 1000;
						ProvisioningStyle = Automatic;
						SystemCapabilities = {
							com.apple.Maps.iOS = {
								enabled = 1;
							};
						};
					};
				};
			};
			buildConfigurationList = 6FF1C9CA1FF4273E00837460 /* Build configuration list for PBXProject "Atactic" */;
			compatibilityVersion = "Xcode 8.0";
			developmentRegion = en;
			hasScannedForEncodings = 0;
			knownRegions = (
				en,
				Base,
			);
			mainGroup = 6FF1C9C61FF4273E00837460;
			productRefGroup = 6FF1C9D01FF4273E00837460 /* Products */;
			projectDirPath = "";
			projectRoot = "";
			targets = (
				6FF1C9CE1FF4273E00837460 /* Atactic */,
			);
		};
/* End PBXProject section */

/* Begin PBXResourcesBuildPhase section */
		6FF1C9CD1FF4273E00837460 /* Resources */ = {
			isa = PBXResourcesBuildPhase;
			buildActionMask = 2147483647;
			files = (
				6FF1C9DD1FF4273E00837460 /* LaunchScreen.storyboard in Resources */,
				6FB6046521623DB700BA9BDB /* GoogleMapsDarkStyle.json in Resources */,
				6FF1C9DA1FF4273E00837460 /* Assets.xcassets in Resources */,
				6FF1C9D81FF4273E00837460 /* Main.storyboard in Resources */,
			);
			runOnlyForDeploymentPostprocessing = 0;
		};
/* End PBXResourcesBuildPhase section */

/* Begin PBXShellScriptBuildPhase section */
		253ACD82D1C48D3EA423F8FA /* [CP] Check Pods Manifest.lock */ = {
			isa = PBXShellScriptBuildPhase;
			buildActionMask = 2147483647;
			files = (
			);
			inputPaths = (
				"${PODS_PODFILE_DIR_PATH}/Podfile.lock",
				"${PODS_ROOT}/Manifest.lock",
			);
			name = "[CP] Check Pods Manifest.lock";
			outputPaths = (
				"$(DERIVED_FILE_DIR)/Pods-Atactic-checkManifestLockResult.txt",
			);
			runOnlyForDeploymentPostprocessing = 0;
			shellPath = /bin/sh;
			shellScript = "diff \"${PODS_PODFILE_DIR_PATH}/Podfile.lock\" \"${PODS_ROOT}/Manifest.lock\" > /dev/null\nif [ $? != 0 ] ; then\n    # print error to STDERR\n    echo \"error: The sandbox is not in sync with the Podfile.lock. Run 'pod install' or update your CocoaPods installation.\" >&2\n    exit 1\nfi\n# This output is used by Xcode 'outputs' to avoid re-running this script phase.\necho \"SUCCESS\" > \"${SCRIPT_OUTPUT_FILE_0}\"\n";
			showEnvVarsInLog = 0;
		};
		9C796771CC200584FBB3D4D3 /* [CP] Copy Pods Resources */ = {
			isa = PBXShellScriptBuildPhase;
			buildActionMask = 2147483647;
			files = (
			);
			inputPaths = (
				"${SRCROOT}/Pods/Target Support Files/Pods-Atactic/Pods-Atactic-resources.sh",
				"${PODS_ROOT}/GoogleMaps/Maps/Frameworks/GoogleMaps.framework/Resources/GoogleMaps.bundle",
				"${PODS_ROOT}/GooglePlaces/Frameworks/GooglePlaces.framework/Resources/GooglePlaces.bundle",
			);
			name = "[CP] Copy Pods Resources";
			outputPaths = (
				"${TARGET_BUILD_DIR}/${UNLOCALIZED_RESOURCES_FOLDER_PATH}/GoogleMaps.bundle",
				"${TARGET_BUILD_DIR}/${UNLOCALIZED_RESOURCES_FOLDER_PATH}/GooglePlaces.bundle",
			);
			runOnlyForDeploymentPostprocessing = 0;
			shellPath = /bin/sh;
			shellScript = "\"${SRCROOT}/Pods/Target Support Files/Pods-Atactic/Pods-Atactic-resources.sh\"\n";
			showEnvVarsInLog = 0;
		};
/* End PBXShellScriptBuildPhase section */

/* Begin PBXSourcesBuildPhase section */
		6FF1C9CB1FF4273E00837460 /* Sources */ = {
			isa = PBXSourcesBuildPhase;
			buildActionMask = 2147483647;
			files = (
				6F0370712174D4AA00BCE903 /* NearbyAccountsRequest.swift in Sources */,
				6FCE26EA205A94AA00701BE3 /* VisitStruct.swift in Sources */,
				6F628E6D2059A84B002E267A /* ActivityCell.swift in Sources */,
				6FCE26E8205A93F900701BE3 /* ActivityDataHandler.swift in Sources */,
				6F383BF021BC17FA00BBAEF3 /* AccountListPresenter.swift in Sources */,
				6F4DC55C212733790091D1E7 /* AccountMapRequest.swift in Sources */,
				6F03706D2174AD7A00BCE903 /* CheckInViewController.swift in Sources */,
				6F4DC55A212731C90091D1E7 /* MapDataHandler.swift in Sources */,
				6FCE26EF205ACB4000701BE3 /* DateUtils.swift in Sources */,
				6F35E3C9201656CE005BCB88 /* AccountAnnotation.swift in Sources */,
				6F1C895D2163852400CA2DA6 /* CampaignListRequest.swift in Sources */,
				6F1447BA217353C800B2E1B3 /* TenantConfigurationRequest.swift in Sources */,
				6F1447BC21735AAA00B2E1B3 /* ConfigurationHandler.swift in Sources */,
				6F449007212D72B0002C80ED /* RouteRequest.swift in Sources */,
				6FE15D4921AEB5AC007002C1 /* AuthenticationController.swift in Sources */,
				6F79BF25212F01200075B639 /* QuestTargetsSegmentController.swift in Sources */,
				6FE55E981FF50E4E00945171 /* ParticipationCell.swift in Sources */,
				6F35E3CD201799F5005BCB88 /* LoginRequest.swift in Sources */,
				6F1E79892062724900E8AEDF /* RequestProtocol.swift in Sources */,
				6F33BC771FFA996C00BC4789 /* UserProfileViewController.swift in Sources */,
				6FF1C9D51FF4273E00837460 /* LoginViewController.swift in Sources */,
				6FB6046721626FD900BA9BDB /* AccountCampaignsDataHandler.swift in Sources */,
				6F79BF27212F01820075B639 /* QuestTargetListDataHandler.swift in Sources */,
				6FFC685E2136C4F900F2CA6A /* QuestTargetCell.swift in Sources */,
				6F35E3CF2017A1DE005BCB88 /* NetworkConstants.swift in Sources */,
				6F1E7985206267BF00E8AEDF /* TargetListDataHandler.swift in Sources */,
				6F383BF321BC197900BBAEF3 /* AccountListDataHandler.swift in Sources */,
				6F03706F2174D33600BCE903 /* CheckInHandler.swift in Sources */,
				6FBBF4AB1FFAC8FA00CAFBE9 /* KDCircularProgress.swift in Sources */,
				6F5DA90C21BC0E280050F635 /* CampaignInfoViewController.swift in Sources */,
				6F8F31BF201A7B2700216070 /* ProfileRequest.swift in Sources */,
				6FCFDD262177782500974AA5 /* CheckInRequest.swift in Sources */,
				6F1E798720626CC700E8AEDF /* TargetListRequest.swift in Sources */,
				6FFC68602136F6D400F2CA6A /* CampaignTargetsRequest.swift in Sources */,
				6F171BD0214FF40F0080C9EB /* AccountDetailViewController.swift in Sources */,
				6FE55E961FF500E900945171 /* QuestListViewController.swift in Sources */,
				6F628E6B2059A77F002E267A /* ActivityRegisterViewController.swift in Sources */,
				6F43659A21D2BF87000A2632 /* AccountActivityRequest.swift in Sources */,
				6FB6046D21627A9C00BA9BDB /* AccountCampaignsRequest.swift in Sources */,
				6FDCFDAB201F9741009BF9E2 /* JSONStructs.swift in Sources */,
				6FCE26EC205A9D4100701BE3 /* UserActivityRequest.swift in Sources */,
				6FB79FC2202729DB003F5BC4 /* AccountCell.swift in Sources */,
				6F0A52E92117642E00A6C28D /* GoogleMapsViewController.swift in Sources */,
				6F44BECD1FF6616B00591E2B /* QuestDetailViewController.swift in Sources */,
				6FB1C8C5212ADE2900648687 /* LoginHandler.swift in Sources */,
				6FB6046B216277EA00BA9BDB /* AccountCampaignsSegmentController.swift in Sources */,
				6F8F31BB201A4AB100216070 /* LaunchController.swift in Sources */,
				6FF1C9D31FF4273E00837460 /* AppDelegate.swift in Sources */,
				6F43659821D2B6AB000A2632 /* ActivityListPresenter.swift in Sources */,
				6F35E3CB2017445F005BCB88 /* ServerVersionRequest.swift in Sources */,
				6FB604692162729A00BA9BDB /* SimpleQuestCell.swift in Sources */,
				6F43659621D2B472000A2632 /* AccountActivitySegmentController.swift in Sources */,
				6F54CB022164C2FE00A1A3A9 /* PasswordChangeRequest.swift in Sources */,
				6F1F29FB2164FDC700CAFAC7 /* PasswordChangeViewController.swift in Sources */,
				6F383BEE21BC163B00BBAEF3 /* AccountListRequest.swift in Sources */,
				6F1E798B20627EEA00E8AEDF /* LocationController.swift in Sources */,
				6FB79FC020272676003F5BC4 /* AccountListViewController.swift in Sources */,
			);
			runOnlyForDeploymentPostprocessing = 0;
		};
/* End PBXSourcesBuildPhase section */

/* Begin PBXVariantGroup section */
		6FF1C9D61FF4273E00837460 /* Main.storyboard */ = {
			isa = PBXVariantGroup;
			children = (
				6FF1C9D71FF4273E00837460 /* Base */,
			);
			name = Main.storyboard;
			sourceTree = "<group>";
		};
		6FF1C9DB1FF4273E00837460 /* LaunchScreen.storyboard */ = {
			isa = PBXVariantGroup;
			children = (
				6FF1C9DC1FF4273E00837460 /* Base */,
			);
			name = LaunchScreen.storyboard;
			sourceTree = "<group>";
		};
/* End PBXVariantGroup section */

/* Begin XCBuildConfiguration section */
		6FF1C9DF1FF4273E00837460 /* Debug */ = {
			isa = XCBuildConfiguration;
			buildSettings = {
				ALWAYS_SEARCH_USER_PATHS = NO;
				CLANG_ANALYZER_NONNULL = YES;
				CLANG_ANALYZER_NUMBER_OBJECT_CONVERSION = YES_AGGRESSIVE;
				CLANG_CXX_LANGUAGE_STANDARD = "gnu++14";
				CLANG_CXX_LIBRARY = "libc++";
				CLANG_ENABLE_MODULES = YES;
				CLANG_ENABLE_OBJC_ARC = YES;
				CLANG_WARN_BLOCK_CAPTURE_AUTORELEASING = YES;
				CLANG_WARN_BOOL_CONVERSION = YES;
				CLANG_WARN_COMMA = YES;
				CLANG_WARN_CONSTANT_CONVERSION = YES;
				CLANG_WARN_DEPRECATED_OBJC_IMPLEMENTATIONS = YES;
				CLANG_WARN_DIRECT_OBJC_ISA_USAGE = YES_ERROR;
				CLANG_WARN_DOCUMENTATION_COMMENTS = YES;
				CLANG_WARN_EMPTY_BODY = YES;
				CLANG_WARN_ENUM_CONVERSION = YES;
				CLANG_WARN_INFINITE_RECURSION = YES;
				CLANG_WARN_INT_CONVERSION = YES;
				CLANG_WARN_NON_LITERAL_NULL_CONVERSION = YES;
				CLANG_WARN_OBJC_IMPLICIT_RETAIN_SELF = YES;
				CLANG_WARN_OBJC_LITERAL_CONVERSION = YES;
				CLANG_WARN_OBJC_ROOT_CLASS = YES_ERROR;
				CLANG_WARN_RANGE_LOOP_ANALYSIS = YES;
				CLANG_WARN_STRICT_PROTOTYPES = YES;
				CLANG_WARN_SUSPICIOUS_MOVE = YES;
				CLANG_WARN_UNGUARDED_AVAILABILITY = YES_AGGRESSIVE;
				CLANG_WARN_UNREACHABLE_CODE = YES;
				CLANG_WARN__DUPLICATE_METHOD_MATCH = YES;
				CODE_SIGN_IDENTITY = "iPhone Developer";
				COPY_PHASE_STRIP = NO;
				DEBUG_INFORMATION_FORMAT = dwarf;
				ENABLE_STRICT_OBJC_MSGSEND = YES;
				ENABLE_TESTABILITY = YES;
				GCC_C_LANGUAGE_STANDARD = gnu11;
				GCC_DYNAMIC_NO_PIC = NO;
				GCC_NO_COMMON_BLOCKS = YES;
				GCC_OPTIMIZATION_LEVEL = 0;
				GCC_PREPROCESSOR_DEFINITIONS = (
					"DEBUG=1",
					"$(inherited)",
				);
				GCC_WARN_64_TO_32_BIT_CONVERSION = YES;
				GCC_WARN_ABOUT_RETURN_TYPE = YES_ERROR;
				GCC_WARN_UNDECLARED_SELECTOR = YES;
				GCC_WARN_UNINITIALIZED_AUTOS = YES_AGGRESSIVE;
				GCC_WARN_UNUSED_FUNCTION = YES;
				GCC_WARN_UNUSED_VARIABLE = YES;
				IPHONEOS_DEPLOYMENT_TARGET = 11.4;
				MTL_ENABLE_DEBUG_INFO = YES;
				ONLY_ACTIVE_ARCH = YES;
				SDKROOT = iphoneos;
				SWIFT_ACTIVE_COMPILATION_CONDITIONS = DEBUG;
				SWIFT_OPTIMIZATION_LEVEL = "-Onone";
			};
			name = Debug;
		};
		6FF1C9E01FF4273E00837460 /* Release */ = {
			isa = XCBuildConfiguration;
			buildSettings = {
				ALWAYS_SEARCH_USER_PATHS = NO;
				CLANG_ANALYZER_NONNULL = YES;
				CLANG_ANALYZER_NUMBER_OBJECT_CONVERSION = YES_AGGRESSIVE;
				CLANG_CXX_LANGUAGE_STANDARD = "gnu++14";
				CLANG_CXX_LIBRARY = "libc++";
				CLANG_ENABLE_MODULES = YES;
				CLANG_ENABLE_OBJC_ARC = YES;
				CLANG_WARN_BLOCK_CAPTURE_AUTORELEASING = YES;
				CLANG_WARN_BOOL_CONVERSION = YES;
				CLANG_WARN_COMMA = YES;
				CLANG_WARN_CONSTANT_CONVERSION = YES;
				CLANG_WARN_DEPRECATED_OBJC_IMPLEMENTATIONS = YES;
				CLANG_WARN_DIRECT_OBJC_ISA_USAGE = YES_ERROR;
				CLANG_WARN_DOCUMENTATION_COMMENTS = YES;
				CLANG_WARN_EMPTY_BODY = YES;
				CLANG_WARN_ENUM_CONVERSION = YES;
				CLANG_WARN_INFINITE_RECURSION = YES;
				CLANG_WARN_INT_CONVERSION = YES;
				CLANG_WARN_NON_LITERAL_NULL_CONVERSION = YES;
				CLANG_WARN_OBJC_IMPLICIT_RETAIN_SELF = YES;
				CLANG_WARN_OBJC_LITERAL_CONVERSION = YES;
				CLANG_WARN_OBJC_ROOT_CLASS = YES_ERROR;
				CLANG_WARN_RANGE_LOOP_ANALYSIS = YES;
				CLANG_WARN_STRICT_PROTOTYPES = YES;
				CLANG_WARN_SUSPICIOUS_MOVE = YES;
				CLANG_WARN_UNGUARDED_AVAILABILITY = YES_AGGRESSIVE;
				CLANG_WARN_UNREACHABLE_CODE = YES;
				CLANG_WARN__DUPLICATE_METHOD_MATCH = YES;
				CODE_SIGN_IDENTITY = "iPhone Developer";
				COPY_PHASE_STRIP = NO;
				DEBUG_INFORMATION_FORMAT = "dwarf-with-dsym";
				ENABLE_NS_ASSERTIONS = NO;
				ENABLE_STRICT_OBJC_MSGSEND = YES;
				GCC_C_LANGUAGE_STANDARD = gnu11;
				GCC_NO_COMMON_BLOCKS = YES;
				GCC_WARN_64_TO_32_BIT_CONVERSION = YES;
				GCC_WARN_ABOUT_RETURN_TYPE = YES_ERROR;
				GCC_WARN_UNDECLARED_SELECTOR = YES;
				GCC_WARN_UNINITIALIZED_AUTOS = YES_AGGRESSIVE;
				GCC_WARN_UNUSED_FUNCTION = YES;
				GCC_WARN_UNUSED_VARIABLE = YES;
				IPHONEOS_DEPLOYMENT_TARGET = 11.4;
				MTL_ENABLE_DEBUG_INFO = NO;
				SDKROOT = iphoneos;
				SWIFT_OPTIMIZATION_LEVEL = "-Owholemodule";
				VALIDATE_PRODUCT = YES;
			};
			name = Release;
		};
		6FF1C9E21FF4273E00837460 /* Debug */ = {
			isa = XCBuildConfiguration;
			baseConfigurationReference = 0BCFB0A649007E41F12FDEF7 /* Pods-Atactic.debug.xcconfig */;
			buildSettings = {
				ASSETCATALOG_COMPILER_APPICON_NAME = AppIcon;
				CODE_SIGN_STYLE = Automatic;
				DEVELOPMENT_TEAM = 548ZQR4ZZN;
				INFOPLIST_FILE = Atactic/Info.plist;
				IPHONEOS_DEPLOYMENT_TARGET = 12.1;
				LD_RUNPATH_SEARCH_PATHS = "$(inherited) @executable_path/Frameworks";
				PRODUCT_BUNDLE_IDENTIFIER = io.atactic.atacticios;
				PRODUCT_NAME = "$(TARGET_NAME)";
				SWIFT_VERSION = 4.2;
				TARGETED_DEVICE_FAMILY = 1;
			};
			name = Debug;
		};
		6FF1C9E31FF4273E00837460 /* Release */ = {
			isa = XCBuildConfiguration;
			baseConfigurationReference = 28089A41DE0117A75E9B80CB /* Pods-Atactic.release.xcconfig */;
			buildSettings = {
				ASSETCATALOG_COMPILER_APPICON_NAME = AppIcon;
				CODE_SIGN_STYLE = Automatic;
				DEVELOPMENT_TEAM = 548ZQR4ZZN;
				INFOPLIST_FILE = Atactic/Info.plist;
				IPHONEOS_DEPLOYMENT_TARGET = 12.1;
				LD_RUNPATH_SEARCH_PATHS = "$(inherited) @executable_path/Frameworks";
				PRODUCT_BUNDLE_IDENTIFIER = io.atactic.atacticios;
				PRODUCT_NAME = "$(TARGET_NAME)";
				SWIFT_VERSION = 4.2;
				TARGETED_DEVICE_FAMILY = 1;
			};
			name = Release;
		};
/* End XCBuildConfiguration section */

/* Begin XCConfigurationList section */
		6FF1C9CA1FF4273E00837460 /* Build configuration list for PBXProject "Atactic" */ = {
			isa = XCConfigurationList;
			buildConfigurations = (
				6FF1C9DF1FF4273E00837460 /* Debug */,
				6FF1C9E01FF4273E00837460 /* Release */,
			);
			defaultConfigurationIsVisible = 0;
			defaultConfigurationName = Release;
		};
		6FF1C9E11FF4273E00837460 /* Build configuration list for PBXNativeTarget "Atactic" */ = {
			isa = XCConfigurationList;
			buildConfigurations = (
				6FF1C9E21FF4273E00837460 /* Debug */,
				6FF1C9E31FF4273E00837460 /* Release */,
			);
			defaultConfigurationIsVisible = 0;
			defaultConfigurationName = Release;
		};
/* End XCConfigurationList section */
	};
	rootObject = 6FF1C9C71FF4273E00837460 /* Project object */;
}
